// !$*UTF8*$!
{
	archiveVersion = 1;
	classes = {
	};
	objectVersion = 46;
	objects = {

/* Begin PBXBuildFile section */
		8041CA71252FBC3F000CDE23 /* Launch Screen.storyboard in Resources */ = {isa = PBXBuildFile; fileRef = 8041CA70252FBC3F000CDE23 /* Launch Screen.storyboard */; };
		805588C018428E8100A9752B /* Foundation.framework in Frameworks */ = {isa = PBXBuildFile; fileRef = 805588BF18428E8100A9752B /* Foundation.framework */; };
		805588C218428E8100A9752B /* CoreGraphics.framework in Frameworks */ = {isa = PBXBuildFile; fileRef = 805588C118428E8100A9752B /* CoreGraphics.framework */; };
		805588C418428E8100A9752B /* UIKit.framework in Frameworks */ = {isa = PBXBuildFile; fileRef = 805588C318428E8100A9752B /* UIKit.framework */; };
		805588C618428E8100A9752B /* SpriteKit.framework in Frameworks */ = {isa = PBXBuildFile; fileRef = 805588C518428E8100A9752B /* SpriteKit.framework */; };
		805588CC18428E8100A9752B /* InfoPlist.strings in Resources */ = {isa = PBXBuildFile; fileRef = 805588CA18428E8100A9752B /* InfoPlist.strings */; };
		805588CE18428E8100A9752B /* main.m in Sources */ = {isa = PBXBuildFile; fileRef = 805588CD18428E8100A9752B /* main.m */; };
		805588D218428E8100A9752B /* AppDelegate.m in Sources */ = {isa = PBXBuildFile; fileRef = 805588D118428E8100A9752B /* AppDelegate.m */; };
		805588D518428E8100A9752B /* Main_iPhone.storyboard in Resources */ = {isa = PBXBuildFile; fileRef = 805588D318428E8100A9752B /* Main_iPhone.storyboard */; };
		805588D818428E8100A9752B /* Main_iPad.storyboard in Resources */ = {isa = PBXBuildFile; fileRef = 805588D618428E8100A9752B /* Main_iPad.storyboard */; };
		805588DB18428E8100A9752B /* ViewController.m in Sources */ = {isa = PBXBuildFile; fileRef = 805588DA18428E8100A9752B /* ViewController.m */; };
		805588E218428E8100A9752B /* Images.xcassets in Resources */ = {isa = PBXBuildFile; fileRef = 805588E118428E8100A9752B /* Images.xcassets */; };
		805588E918428E8100A9752B /* XCTest.framework in Frameworks */ = {isa = PBXBuildFile; fileRef = 805588E818428E8100A9752B /* XCTest.framework */; };
		805588EA18428E8100A9752B /* Foundation.framework in Frameworks */ = {isa = PBXBuildFile; fileRef = 805588BF18428E8100A9752B /* Foundation.framework */; };
		805588EB18428E8100A9752B /* UIKit.framework in Frameworks */ = {isa = PBXBuildFile; fileRef = 805588C318428E8100A9752B /* UIKit.framework */; };
		805588F318428E8100A9752B /* InfoPlist.strings in Resources */ = {isa = PBXBuildFile; fileRef = 805588F118428E8100A9752B /* InfoPlist.strings */; };
		805588F518428E8100A9752B /* Sprite_TourTests.m in Sources */ = {isa = PBXBuildFile; fileRef = 805588F418428E8100A9752B /* Sprite_TourTests.m */; };
		805589041842955600A9752B /* MenuViewController.m in Sources */ = {isa = PBXBuildFile; fileRef = 805589031842955600A9752B /* MenuViewController.m */; };
		80558913184299D700A9752B /* APLCommonScene.m in Sources */ = {isa = PBXBuildFile; fileRef = 80558906184299D700A9752B /* APLCommonScene.m */; };
		80558914184299D700A9752B /* APLBasicSprites.m in Sources */ = {isa = PBXBuildFile; fileRef = 80558908184299D700A9752B /* APLBasicSprites.m */; };
		80558915184299D700A9752B /* APLColorizedSprites.m in Sources */ = {isa = PBXBuildFile; fileRef = 8055890A184299D700A9752B /* APLColorizedSprites.m */; };
		80558916184299D700A9752B /* APLResizingSprites.m in Sources */ = {isa = PBXBuildFile; fileRef = 8055890C184299D700A9752B /* APLResizingSprites.m */; };
		80558917184299D700A9752B /* APLSpriteAnchors.m in Sources */ = {isa = PBXBuildFile; fileRef = 8055890E184299D700A9752B /* APLSpriteAnchors.m */; };
		80558918184299D700A9752B /* APLBlendingSprites.m in Sources */ = {isa = PBXBuildFile; fileRef = 80558910184299D700A9752B /* APLBlendingSprites.m */; };
		80558919184299D700A9752B /* APLAnimatingSprites.m in Sources */ = {isa = PBXBuildFile; fileRef = 80558912184299D700A9752B /* APLAnimatingSprites.m */; };
		8055895E1842A24100A9752B /* MIT-LICENSE.txt in Resources */ = {isa = PBXBuildFile; fileRef = 8055895D1842A24100A9752B /* MIT-LICENSE.txt */; };
		805589621842A83A00A9752B /* ColorizedAnimatingSprite.m in Sources */ = {isa = PBXBuildFile; fileRef = 805589611842A83A00A9752B /* ColorizedAnimatingSprite.m */; };
/* End PBXBuildFile section */

/* Begin PBXContainerItemProxy section */
		805588EC18428E8100A9752B /* PBXContainerItemProxy */ = {
			isa = PBXContainerItemProxy;
			containerPortal = 805588B418428E8100A9752B /* Project object */;
			proxyType = 1;
			remoteGlobalIDString = 805588BB18428E8100A9752B;
			remoteInfo = "Sprite Tour";
		};
/* End PBXContainerItemProxy section */

/* Begin PBXFileReference section */
		8041CA70252FBC3F000CDE23 /* Launch Screen.storyboard */ = {isa = PBXFileReference; lastKnownFileType = file.storyboard; path = "Launch Screen.storyboard"; sourceTree = "<group>"; };
		805588BC18428E8100A9752B /* Sprite Tour.app */ = {isa = PBXFileReference; explicitFileType = wrapper.application; includeInIndex = 0; path = "Sprite Tour.app"; sourceTree = BUILT_PRODUCTS_DIR; };
		805588BF18428E8100A9752B /* Foundation.framework */ = {isa = PBXFileReference; lastKnownFileType = wrapper.framework; name = Foundation.framework; path = System/Library/Frameworks/Foundation.framework; sourceTree = SDKROOT; };
		805588C118428E8100A9752B /* CoreGraphics.framework */ = {isa = PBXFileReference; lastKnownFileType = wrapper.framework; name = CoreGraphics.framework; path = System/Library/Frameworks/CoreGraphics.framework; sourceTree = SDKROOT; };
		805588C318428E8100A9752B /* UIKit.framework */ = {isa = PBXFileReference; lastKnownFileType = wrapper.framework; name = UIKit.framework; path = System/Library/Frameworks/UIKit.framework; sourceTree = SDKROOT; };
		805588C518428E8100A9752B /* SpriteKit.framework */ = {isa = PBXFileReference; lastKnownFileType = wrapper.framework; name = SpriteKit.framework; path = System/Library/Frameworks/SpriteKit.framework; sourceTree = SDKROOT; };
		805588C918428E8100A9752B /* Sprite Tour-Info.plist */ = {isa = PBXFileReference; lastKnownFileType = text.plist.xml; path = "Sprite Tour-Info.plist"; sourceTree = "<group>"; };
		805588CB18428E8100A9752B /* en */ = {isa = PBXFileReference; lastKnownFileType = text.plist.strings; name = en; path = en.lproj/InfoPlist.strings; sourceTree = "<group>"; };
		805588CD18428E8100A9752B /* main.m */ = {isa = PBXFileReference; lastKnownFileType = sourcecode.c.objc; path = main.m; sourceTree = "<group>"; };
		805588CF18428E8100A9752B /* Sprite Tour-Prefix.pch */ = {isa = PBXFileReference; lastKnownFileType = sourcecode.c.h; path = "Sprite Tour-Prefix.pch"; sourceTree = "<group>"; };
		805588D018428E8100A9752B /* AppDelegate.h */ = {isa = PBXFileReference; lastKnownFileType = sourcecode.c.h; path = AppDelegate.h; sourceTree = "<group>"; };
		805588D118428E8100A9752B /* AppDelegate.m */ = {isa = PBXFileReference; lastKnownFileType = sourcecode.c.objc; path = AppDelegate.m; sourceTree = "<group>"; };
		805588D418428E8100A9752B /* Base */ = {isa = PBXFileReference; lastKnownFileType = file.storyboard; name = Base; path = Base.lproj/Main_iPhone.storyboard; sourceTree = "<group>"; };
		805588D718428E8100A9752B /* Base */ = {isa = PBXFileReference; lastKnownFileType = file.storyboard; name = Base; path = Base.lproj/Main_iPad.storyboard; sourceTree = "<group>"; };
		805588D918428E8100A9752B /* ViewController.h */ = {isa = PBXFileReference; lastKnownFileType = sourcecode.c.h; path = ViewController.h; sourceTree = "<group>"; };
		805588DA18428E8100A9752B /* ViewController.m */ = {isa = PBXFileReference; lastKnownFileType = sourcecode.c.objc; path = ViewController.m; sourceTree = "<group>"; };
		805588E118428E8100A9752B /* Images.xcassets */ = {isa = PBXFileReference; lastKnownFileType = folder.assetcatalog; path = Images.xcassets; sourceTree = "<group>"; };
		805588E718428E8100A9752B /* Sprite TourTests.xctest */ = {isa = PBXFileReference; explicitFileType = wrapper.cfbundle; includeInIndex = 0; path = "Sprite TourTests.xctest"; sourceTree = BUILT_PRODUCTS_DIR; };
		805588E818428E8100A9752B /* XCTest.framework */ = {isa = PBXFileReference; lastKnownFileType = wrapper.framework; name = XCTest.framework; path = Library/Frameworks/XCTest.framework; sourceTree = DEVELOPER_DIR; };
		805588F018428E8100A9752B /* Sprite TourTests-Info.plist */ = {isa = PBXFileReference; lastKnownFileType = text.plist.xml; path = "Sprite TourTests-Info.plist"; sourceTree = "<group>"; };
		805588F218428E8100A9752B /* en */ = {isa = PBXFileReference; lastKnownFileType = text.plist.strings; name = en; path = en.lproj/InfoPlist.strings; sourceTree = "<group>"; };
		805588F418428E8100A9752B /* Sprite_TourTests.m */ = {isa = PBXFileReference; lastKnownFileType = sourcecode.c.objc; path = Sprite_TourTests.m; sourceTree = "<group>"; };
		805589021842955600A9752B /* MenuViewController.h */ = {isa = PBXFileReference; fileEncoding = 4; lastKnownFileType = sourcecode.c.h; path = MenuViewController.h; sourceTree = "<group>"; };
		805589031842955600A9752B /* MenuViewController.m */ = {isa = PBXFileReference; fileEncoding = 4; lastKnownFileType = sourcecode.c.objc; path = MenuViewController.m; sourceTree = "<group>"; };
		80558905184299D700A9752B /* APLCommonScene.h */ = {isa = PBXFileReference; fileEncoding = 4; lastKnownFileType = sourcecode.c.h; path = APLCommonScene.h; sourceTree = "<group>"; };
		80558906184299D700A9752B /* APLCommonScene.m */ = {isa = PBXFileReference; fileEncoding = 4; lastKnownFileType = sourcecode.c.objc; path = APLCommonScene.m; sourceTree = "<group>"; };
		80558907184299D700A9752B /* APLBasicSprites.h */ = {isa = PBXFileReference; fileEncoding = 4; lastKnownFileType = sourcecode.c.h; path = APLBasicSprites.h; sourceTree = "<group>"; };
		80558908184299D700A9752B /* APLBasicSprites.m */ = {isa = PBXFileReference; fileEncoding = 4; lastKnownFileType = sourcecode.c.objc; path = APLBasicSprites.m; sourceTree = "<group>"; };
		80558909184299D700A9752B /* APLColorizedSprites.h */ = {isa = PBXFileReference; fileEncoding = 4; lastKnownFileType = sourcecode.c.h; path = APLColorizedSprites.h; sourceTree = "<group>"; };
		8055890A184299D700A9752B /* APLColorizedSprites.m */ = {isa = PBXFileReference; fileEncoding = 4; lastKnownFileType = sourcecode.c.objc; path = APLColorizedSprites.m; sourceTree = "<group>"; };
		8055890B184299D700A9752B /* APLResizingSprites.h */ = {isa = PBXFileReference; fileEncoding = 4; lastKnownFileType = sourcecode.c.h; path = APLResizingSprites.h; sourceTree = "<group>"; };
		8055890C184299D700A9752B /* APLResizingSprites.m */ = {isa = PBXFileReference; fileEncoding = 4; lastKnownFileType = sourcecode.c.objc; path = APLResizingSprites.m; sourceTree = "<group>"; };
		8055890D184299D700A9752B /* APLSpriteAnchors.h */ = {isa = PBXFileReference; fileEncoding = 4; lastKnownFileType = sourcecode.c.h; path = APLSpriteAnchors.h; sourceTree = "<group>"; };
		8055890E184299D700A9752B /* APLSpriteAnchors.m */ = {isa = PBXFileReference; fileEncoding = 4; lastKnownFileType = sourcecode.c.objc; path = APLSpriteAnchors.m; sourceTree = "<group>"; };
		8055890F184299D700A9752B /* APLBlendingSprites.h */ = {isa = PBXFileReference; fileEncoding = 4; lastKnownFileType = sourcecode.c.h; path = APLBlendingSprites.h; sourceTree = "<group>"; };
		80558910184299D700A9752B /* APLBlendingSprites.m */ = {isa = PBXFileReference; fileEncoding = 4; lastKnownFileType = sourcecode.c.objc; path = APLBlendingSprites.m; sourceTree = "<group>"; };
		80558911184299D700A9752B /* APLAnimatingSprites.h */ = {isa = PBXFileReference; fileEncoding = 4; lastKnownFileType = sourcecode.c.h; path = APLAnimatingSprites.h; sourceTree = "<group>"; };
		80558912184299D700A9752B /* APLAnimatingSprites.m */ = {isa = PBXFileReference; fileEncoding = 4; lastKnownFileType = sourcecode.c.objc; path = APLAnimatingSprites.m; sourceTree = "<group>"; };
		8055895D1842A24100A9752B /* MIT-LICENSE.txt */ = {isa = PBXFileReference; fileEncoding = 4; lastKnownFileType = text; path = "MIT-LICENSE.txt"; sourceTree = "<group>"; };
		805589601842A83A00A9752B /* ColorizedAnimatingSprite.h */ = {isa = PBXFileReference; fileEncoding = 4; lastKnownFileType = sourcecode.c.h; path = ColorizedAnimatingSprite.h; sourceTree = "<group>"; };
		805589611842A83A00A9752B /* ColorizedAnimatingSprite.m */ = {isa = PBXFileReference; fileEncoding = 4; lastKnownFileType = sourcecode.c.objc; path = ColorizedAnimatingSprite.m; sourceTree = "<group>"; };
/* End PBXFileReference section */

/* Begin PBXFrameworksBuildPhase section */
		805588B918428E8100A9752B /* Frameworks */ = {
			isa = PBXFrameworksBuildPhase;
			buildActionMask = 2147483647;
			files = (
				805588C218428E8100A9752B /* CoreGraphics.framework in Frameworks */,
				805588C418428E8100A9752B /* UIKit.framework in Frameworks */,
				805588C618428E8100A9752B /* SpriteKit.framework in Frameworks */,
				805588C018428E8100A9752B /* Foundation.framework in Frameworks */,
			);
			runOnlyForDeploymentPostprocessing = 0;
		};
		805588E418428E8100A9752B /* Frameworks */ = {
			isa = PBXFrameworksBuildPhase;
			buildActionMask = 2147483647;
			files = (
				805588E918428E8100A9752B /* XCTest.framework in Frameworks */,
				805588EB18428E8100A9752B /* UIKit.framework in Frameworks */,
				805588EA18428E8100A9752B /* Foundation.framework in Frameworks */,
			);
			runOnlyForDeploymentPostprocessing = 0;
		};
/* End PBXFrameworksBuildPhase section */

/* Begin PBXGroup section */
		805588B318428E8100A9752B = {
			isa = PBXGroup;
			children = (
				805588C718428E8100A9752B /* Sprite Tour */,
				805588EE18428E8100A9752B /* Sprite TourTests */,
				805588BE18428E8100A9752B /* Frameworks */,
				805588BD18428E8100A9752B /* Products */,
			);
			sourceTree = "<group>";
		};
		805588BD18428E8100A9752B /* Products */ = {
			isa = PBXGroup;
			children = (
				805588BC18428E8100A9752B /* Sprite Tour.app */,
				805588E718428E8100A9752B /* Sprite TourTests.xctest */,
			);
			name = Products;
			sourceTree = "<group>";
		};
		805588BE18428E8100A9752B /* Frameworks */ = {
			isa = PBXGroup;
			children = (
				805588BF18428E8100A9752B /* Foundation.framework */,
				805588C118428E8100A9752B /* CoreGraphics.framework */,
				805588C318428E8100A9752B /* UIKit.framework */,
				805588C518428E8100A9752B /* SpriteKit.framework */,
				805588E818428E8100A9752B /* XCTest.framework */,
			);
			name = Frameworks;
			sourceTree = "<group>";
		};
		805588C718428E8100A9752B /* Sprite Tour */ = {
			isa = PBXGroup;
			children = (
				8055895F1842A35000A9752B /* Delegate */,
				805588D318428E8100A9752B /* Main_iPhone.storyboard */,
				805588D618428E8100A9752B /* Main_iPad.storyboard */,
				805589021842955600A9752B /* MenuViewController.h */,
				805589031842955600A9752B /* MenuViewController.m */,
				805588D918428E8100A9752B /* ViewController.h */,
				805588DA18428E8100A9752B /* ViewController.m */,
				8055891A184299DD00A9752B /* Scene Classes */,
				805588E118428E8100A9752B /* Images.xcassets */,
				805588C818428E8100A9752B /* Supporting Files */,
			);
			path = "Sprite Tour";
			sourceTree = "<group>";
		};
		805588C818428E8100A9752B /* Supporting Files */ = {
			isa = PBXGroup;
			children = (
				805588C918428E8100A9752B /* Sprite Tour-Info.plist */,
				805588CA18428E8100A9752B /* InfoPlist.strings */,
				805588CD18428E8100A9752B /* main.m */,
				805588CF18428E8100A9752B /* Sprite Tour-Prefix.pch */,
			);
			name = "Supporting Files";
			sourceTree = "<group>";
		};
		805588EE18428E8100A9752B /* Sprite TourTests */ = {
			isa = PBXGroup;
			children = (
				805588F418428E8100A9752B /* Sprite_TourTests.m */,
				805588EF18428E8100A9752B /* Supporting Files */,
			);
			path = "Sprite TourTests";
			sourceTree = "<group>";
		};
		805588EF18428E8100A9752B /* Supporting Files */ = {
			isa = PBXGroup;
			children = (
				805588F018428E8100A9752B /* Sprite TourTests-Info.plist */,
				805588F118428E8100A9752B /* InfoPlist.strings */,
			);
			name = "Supporting Files";
			sourceTree = "<group>";
		};
		8055891A184299DD00A9752B /* Scene Classes */ = {
			isa = PBXGroup;
			children = (
				80558905184299D700A9752B /* APLCommonScene.h */,
				80558906184299D700A9752B /* APLCommonScene.m */,
				80558907184299D700A9752B /* APLBasicSprites.h */,
				80558908184299D700A9752B /* APLBasicSprites.m */,
				80558909184299D700A9752B /* APLColorizedSprites.h */,
				8055890A184299D700A9752B /* APLColorizedSprites.m */,
				805589601842A83A00A9752B /* ColorizedAnimatingSprite.h */,
				805589611842A83A00A9752B /* ColorizedAnimatingSprite.m */,
				8055890B184299D700A9752B /* APLResizingSprites.h */,
				8055890C184299D700A9752B /* APLResizingSprites.m */,
				8055890D184299D700A9752B /* APLSpriteAnchors.h */,
				8055890E184299D700A9752B /* APLSpriteAnchors.m */,
				8055890F184299D700A9752B /* APLBlendingSprites.h */,
				80558910184299D700A9752B /* APLBlendingSprites.m */,
				80558911184299D700A9752B /* APLAnimatingSprites.h */,
				80558912184299D700A9752B /* APLAnimatingSprites.m */,
			);
			name = "Scene Classes";
			sourceTree = "<group>";
		};
		8055895F1842A35000A9752B /* Delegate */ = {
			isa = PBXGroup;
			children = (
				8041CA70252FBC3F000CDE23 /* Launch Screen.storyboard */,
				805588D018428E8100A9752B /* AppDelegate.h */,
				805588D118428E8100A9752B /* AppDelegate.m */,
				8055895D1842A24100A9752B /* MIT-LICENSE.txt */,
			);
			name = Delegate;
			sourceTree = "<group>";
		};
/* End PBXGroup section */

/* Begin PBXNativeTarget section */
		805588BB18428E8100A9752B /* Sprite Tour */ = {
			isa = PBXNativeTarget;
			buildConfigurationList = 805588F818428E8100A9752B /* Build configuration list for PBXNativeTarget "Sprite Tour" */;
			buildPhases = (
				805588B818428E8100A9752B /* Sources */,
				805588B918428E8100A9752B /* Frameworks */,
				805588BA18428E8100A9752B /* Resources */,
			);
			buildRules = (
			);
			dependencies = (
			);
			name = "Sprite Tour";
			productName = "Sprite Tour";
			productReference = 805588BC18428E8100A9752B /* Sprite Tour.app */;
			productType = "com.apple.product-type.application";
		};
		805588E618428E8100A9752B /* Sprite TourTests */ = {
			isa = PBXNativeTarget;
			buildConfigurationList = 805588FB18428E8100A9752B /* Build configuration list for PBXNativeTarget "Sprite TourTests" */;
			buildPhases = (
				805588E318428E8100A9752B /* Sources */,
				805588E418428E8100A9752B /* Frameworks */,
				805588E518428E8100A9752B /* Resources */,
			);
			buildRules = (
			);
			dependencies = (
				805588ED18428E8100A9752B /* PBXTargetDependency */,
			);
			name = "Sprite TourTests";
			productName = "Sprite TourTests";
			productReference = 805588E718428E8100A9752B /* Sprite TourTests.xctest */;
			productType = "com.apple.product-type.bundle.unit-test";
		};
/* End PBXNativeTarget section */

/* Begin PBXProject section */
		805588B418428E8100A9752B /* Project object */ = {
			isa = PBXProject;
			attributes = {
				LastUpgradeCheck = 1220;
				ORGANIZATIONNAME = "Robert Linnemann";
				TargetAttributes = {
					805588E618428E8100A9752B = {
						TestTargetID = 805588BB18428E8100A9752B;
					};
				};
			};
			buildConfigurationList = 805588B718428E8100A9752B /* Build configuration list for PBXProject "Sprite Tour" */;
			compatibilityVersion = "Xcode 3.2";
			developmentRegion = en;
			hasScannedForEncodings = 0;
			knownRegions = (
				en,
				Base,
			);
			mainGroup = 805588B318428E8100A9752B;
			productRefGroup = 805588BD18428E8100A9752B /* Products */;
			projectDirPath = "";
			projectRoot = "";
			targets = (
				805588BB18428E8100A9752B /* Sprite Tour */,
				805588E618428E8100A9752B /* Sprite TourTests */,
			);
		};
/* End PBXProject section */

/* Begin PBXResourcesBuildPhase section */
		805588BA18428E8100A9752B /* Resources */ = {
			isa = PBXResourcesBuildPhase;
			buildActionMask = 2147483647;
			files = (
				805588E218428E8100A9752B /* Images.xcassets in Resources */,
				8055895E1842A24100A9752B /* MIT-LICENSE.txt in Resources */,
				805588D818428E8100A9752B /* Main_iPad.storyboard in Resources */,
				8041CA71252FBC3F000CDE23 /* Launch Screen.storyboard in Resources */,
				805588D518428E8100A9752B /* Main_iPhone.storyboard in Resources */,
				805588CC18428E8100A9752B /* InfoPlist.strings in Resources */,
			);
			runOnlyForDeploymentPostprocessing = 0;
		};
		805588E518428E8100A9752B /* Resources */ = {
			isa = PBXResourcesBuildPhase;
			buildActionMask = 2147483647;
			files = (
				805588F318428E8100A9752B /* InfoPlist.strings in Resources */,
			);
			runOnlyForDeploymentPostprocessing = 0;
		};
/* End PBXResourcesBuildPhase section */

/* Begin PBXSourcesBuildPhase section */
		805588B818428E8100A9752B /* Sources */ = {
			isa = PBXSourcesBuildPhase;
			buildActionMask = 2147483647;
			files = (
				80558917184299D700A9752B /* APLSpriteAnchors.m in Sources */,
				80558918184299D700A9752B /* APLBlendingSprites.m in Sources */,
				805589041842955600A9752B /* MenuViewController.m in Sources */,
				80558915184299D700A9752B /* APLColorizedSprites.m in Sources */,
				80558919184299D700A9752B /* APLAnimatingSprites.m in Sources */,
				80558916184299D700A9752B /* APLResizingSprites.m in Sources */,
				80558913184299D700A9752B /* APLCommonScene.m in Sources */,
				805589621842A83A00A9752B /* ColorizedAnimatingSprite.m in Sources */,
				805588DB18428E8100A9752B /* ViewController.m in Sources */,
				80558914184299D700A9752B /* APLBasicSprites.m in Sources */,
				805588D218428E8100A9752B /* AppDelegate.m in Sources */,
				805588CE18428E8100A9752B /* main.m in Sources */,
			);
			runOnlyForDeploymentPostprocessing = 0;
		};
		805588E318428E8100A9752B /* Sources */ = {
			isa = PBXSourcesBuildPhase;
			buildActionMask = 2147483647;
			files = (
				805588F518428E8100A9752B /* Sprite_TourTests.m in Sources */,
			);
			runOnlyForDeploymentPostprocessing = 0;
		};
/* End PBXSourcesBuildPhase section */

/* Begin PBXTargetDependency section */
		805588ED18428E8100A9752B /* PBXTargetDependency */ = {
			isa = PBXTargetDependency;
			target = 805588BB18428E8100A9752B /* Sprite Tour */;
			targetProxy = 805588EC18428E8100A9752B /* PBXContainerItemProxy */;
		};
/* End PBXTargetDependency section */

/* Begin PBXVariantGroup section */
		805588CA18428E8100A9752B /* InfoPlist.strings */ = {
			isa = PBXVariantGroup;
			children = (
				805588CB18428E8100A9752B /* en */,
			);
			name = InfoPlist.strings;
			sourceTree = "<group>";
		};
		805588D318428E8100A9752B /* Main_iPhone.storyboard */ = {
			isa = PBXVariantGroup;
			children = (
				805588D418428E8100A9752B /* Base */,
			);
			name = Main_iPhone.storyboard;
			sourceTree = "<group>";
		};
		805588D618428E8100A9752B /* Main_iPad.storyboard */ = {
			isa = PBXVariantGroup;
			children = (
				805588D718428E8100A9752B /* Base */,
			);
			name = Main_iPad.storyboard;
			sourceTree = "<group>";
		};
		805588F118428E8100A9752B /* InfoPlist.strings */ = {
			isa = PBXVariantGroup;
			children = (
				805588F218428E8100A9752B /* en */,
			);
			name = InfoPlist.strings;
			sourceTree = "<group>";
		};
/* End PBXVariantGroup section */

/* Begin XCBuildConfiguration section */
		805588F618428E8100A9752B /* Debug */ = {
			isa = XCBuildConfiguration;
			buildSettings = {
				ALWAYS_SEARCH_USER_PATHS = NO;
				CLANG_ANALYZER_LOCALIZABILITY_NONLOCALIZED = YES;
				CLANG_CXX_LANGUAGE_STANDARD = "gnu++0x";
				CLANG_CXX_LIBRARY = "libc++";
				CLANG_ENABLE_MODULES = YES;
				CLANG_ENABLE_OBJC_ARC = YES;
				CLANG_WARN_BLOCK_CAPTURE_AUTORELEASING = YES;
				CLANG_WARN_BOOL_CONVERSION = YES;
				CLANG_WARN_COMMA = YES;
				CLANG_WARN_CONSTANT_CONVERSION = YES;
				CLANG_WARN_DEPRECATED_OBJC_IMPLEMENTATIONS = YES;
				CLANG_WARN_DIRECT_OBJC_ISA_USAGE = YES_ERROR;
				CLANG_WARN_EMPTY_BODY = YES;
				CLANG_WARN_ENUM_CONVERSION = YES;
				CLANG_WARN_INFINITE_RECURSION = YES;
				CLANG_WARN_INT_CONVERSION = YES;
				CLANG_WARN_NON_LITERAL_NULL_CONVERSION = YES;
				CLANG_WARN_OBJC_IMPLICIT_RETAIN_SELF = YES;
				CLANG_WARN_OBJC_LITERAL_CONVERSION = YES;
				CLANG_WARN_OBJC_ROOT_CLASS = YES_ERROR;
				CLANG_WARN_QUOTED_INCLUDE_IN_FRAMEWORK_HEADER = YES;
				CLANG_WARN_RANGE_LOOP_ANALYSIS = YES;
				CLANG_WARN_STRICT_PROTOTYPES = YES;
				CLANG_WARN_SUSPICIOUS_MOVE = YES;
				CLANG_WARN_UNREACHABLE_CODE = YES;
				CLANG_WARN__DUPLICATE_METHOD_MATCH = YES;
				"CODE_SIGN_IDENTITY[sdk=iphoneos*]" = "iPhone Developer";
				COPY_PHASE_STRIP = NO;
				ENABLE_STRICT_OBJC_MSGSEND = YES;
				ENABLE_TESTABILITY = YES;
				GCC_C_LANGUAGE_STANDARD = gnu99;
				GCC_DYNAMIC_NO_PIC = NO;
				GCC_NO_COMMON_BLOCKS = YES;
				GCC_OPTIMIZATION_LEVEL = 0;
				GCC_PREPROCESSOR_DEFINITIONS = (
					"DEBUG=1",
					"$(inherited)",
				);
				GCC_SYMBOLS_PRIVATE_EXTERN = NO;
				GCC_WARN_64_TO_32_BIT_CONVERSION = YES;
				GCC_WARN_ABOUT_RETURN_TYPE = YES_ERROR;
				GCC_WARN_UNDECLARED_SELECTOR = YES;
				GCC_WARN_UNINITIALIZED_AUTOS = YES;
				GCC_WARN_UNUSED_FUNCTION = YES;
				GCC_WARN_UNUSED_VARIABLE = YES;
				IPHONEOS_DEPLOYMENT_TARGET = 9.0;
				ONLY_ACTIVE_ARCH = YES;
				SDKROOT = iphoneos;
				TARGETED_DEVICE_FAMILY = "1,2";
			};
			name = Debug;
		};
		805588F718428E8100A9752B /* Release */ = {
			isa = XCBuildConfiguration;
			buildSettings = {
				ALWAYS_SEARCH_USER_PATHS = NO;
				CLANG_ANALYZER_LOCALIZABILITY_NONLOCALIZED = YES;
				CLANG_CXX_LANGUAGE_STANDARD = "gnu++0x";
				CLANG_CXX_LIBRARY = "libc++";
				CLANG_ENABLE_MODULES = YES;
				CLANG_ENABLE_OBJC_ARC = YES;
				CLANG_WARN_BLOCK_CAPTURE_AUTORELEASING = YES;
				CLANG_WARN_BOOL_CONVERSION = YES;
				CLANG_WARN_COMMA = YES;
				CLANG_WARN_CONSTANT_CONVERSION = YES;
				CLANG_WARN_DEPRECATED_OBJC_IMPLEMENTATIONS = YES;
				CLANG_WARN_DIRECT_OBJC_ISA_USAGE = YES_ERROR;
				CLANG_WARN_EMPTY_BODY = YES;
				CLANG_WARN_ENUM_CONVERSION = YES;
				CLANG_WARN_INFINITE_RECURSION = YES;
				CLANG_WARN_INT_CONVERSION = YES;
				CLANG_WARN_NON_LITERAL_NULL_CONVERSION = YES;
				CLANG_WARN_OBJC_IMPLICIT_RETAIN_SELF = YES;
				CLANG_WARN_OBJC_LITERAL_CONVERSION = YES;
				CLANG_WARN_OBJC_ROOT_CLASS = YES_ERROR;
				CLANG_WARN_QUOTED_INCLUDE_IN_FRAMEWORK_HEADER = YES;
				CLANG_WARN_RANGE_LOOP_ANALYSIS = YES;
				CLANG_WARN_STRICT_PROTOTYPES = YES;
				CLANG_WARN_SUSPICIOUS_MOVE = YES;
				CLANG_WARN_UNREACHABLE_CODE = YES;
				CLANG_WARN__DUPLICATE_METHOD_MATCH = YES;
				"CODE_SIGN_IDENTITY[sdk=iphoneos*]" = "iPhone Developer";
				COPY_PHASE_STRIP = YES;
				ENABLE_NS_ASSERTIONS = NO;
				ENABLE_STRICT_OBJC_MSGSEND = YES;
				GCC_C_LANGUAGE_STANDARD = gnu99;
				GCC_NO_COMMON_BLOCKS = YES;
				GCC_WARN_64_TO_32_BIT_CONVERSION = YES;
				GCC_WARN_ABOUT_RETURN_TYPE = YES_ERROR;
				GCC_WARN_UNDECLARED_SELECTOR = YES;
				GCC_WARN_UNINITIALIZED_AUTOS = YES;
				GCC_WARN_UNUSED_FUNCTION = YES;
				GCC_WARN_UNUSED_VARIABLE = YES;
				IPHONEOS_DEPLOYMENT_TARGET = 9.0;
				SDKROOT = iphoneos;
				TARGETED_DEVICE_FAMILY = "1,2";
				VALIDATE_PRODUCT = YES;
			};
			name = Release;
		};
		805588F918428E8100A9752B /* Debug */ = {
			isa = XCBuildConfiguration;
			buildSettings = {
				ASSETCATALOG_COMPILER_APPICON_NAME = AppIcon;
				CURRENT_PROJECT_VERSION = 1.0;
				GCC_PRECOMPILE_PREFIX_HEADER = YES;
				GCC_PREFIX_HEADER = "Sprite Tour/Sprite Tour-Prefix.pch";
				INFOPLIST_FILE = "Sprite Tour/Sprite Tour-Info.plist";
				MARKETING_VERSION = 2.0;
				PRODUCT_BUNDLE_IDENTIFIER = "com.robertlinnemann.Sprite-Tour";
				PRODUCT_NAME = "$(TARGET_NAME)";
				SPRITEKIT_TEXTURE_ATLAS_OUTPUT = YES;
				WRAPPER_EXTENSION = app;
			};
			name = Debug;
		};
		805588FA18428E8100A9752B /* Release */ = {
			isa = XCBuildConfiguration;
			buildSettings = {
				ASSETCATALOG_COMPILER_APPICON_NAME = AppIcon;
				CURRENT_PROJECT_VERSION = 1.0;
				GCC_PRECOMPILE_PREFIX_HEADER = YES;
				GCC_PREFIX_HEADER = "Sprite Tour/Sprite Tour-Prefix.pch";
				INFOPLIST_FILE = "Sprite Tour/Sprite Tour-Info.plist";
				MARKETING_VERSION = 2.0;
				PRODUCT_BUNDLE_IDENTIFIER = "com.robertlinnemann.Sprite-Tour";
				PRODUCT_NAME = "$(TARGET_NAME)";
				SPRITEKIT_TEXTURE_ATLAS_OUTPUT = YES;
				WRAPPER_EXTENSION = app;
			};
			name = Release;
		};
		805588FC18428E8100A9752B /* Debug */ = {
			isa = XCBuildConfiguration;
			buildSettings = {
				BUNDLE_LOADER = "$(BUILT_PRODUCTS_DIR)/Sprite Tour.app/Sprite Tour";
				FRAMEWORK_SEARCH_PATHS = (
					"$(SDKROOT)/Developer/Library/Frameworks",
					"$(inherited)",
					"$(DEVELOPER_FRAMEWORKS_DIR)",
				);
				GCC_PRECOMPILE_PREFIX_HEADER = YES;
				GCC_PREFIX_HEADER = "Sprite Tour/Sprite Tour-Prefix.pch";
				GCC_PREPROCESSOR_DEFINITIONS = (
					"DEBUG=1",
					"$(inherited)",
				);
				INFOPLIST_FILE = "Sprite TourTests/Sprite TourTests-Info.plist";
				PRODUCT_BUNDLE_IDENTIFIER = "com.epistrophyproducts.${PRODUCT_NAME:rfc1034identifier}";
				PRODUCT_NAME = "$(TARGET_NAME)";
				TEST_HOST = "$(BUNDLE_LOADER)";
				WRAPPER_EXTENSION = xctest;
			};
			name = Debug;
		};
		805588FD18428E8100A9752B /* Release */ = {
			isa = XCBuildConfiguration;
			buildSettings = {
				BUNDLE_LOADER = "$(BUILT_PRODUCTS_DIR)/Sprite Tour.app/Sprite Tour";
				FRAMEWORK_SEARCH_PATHS = (
					"$(SDKROOT)/Developer/Library/Frameworks",
					"$(inherited)",
					"$(DEVELOPER_FRAMEWORKS_DIR)",
				);
				GCC_PRECOMPILE_PREFIX_HEADER = YES;
				GCC_PREFIX_HEADER = "Sprite Tour/Sprite Tour-Prefix.pch";
				INFOPLIST_FILE = "Sprite TourTests/Sprite TourTests-Info.plist";
				PRODUCT_BUNDLE_IDENTIFIER = "com.epistrophyproducts.${PRODUCT_NAME:rfc1034identifier}";
				PRODUCT_NAME = "$(TARGET_NAME)";
				TEST_HOST = "$(BUNDLE_LOADER)";
				WRAPPER_EXTENSION = xctest;
			};
			name = Release;
		};
/* End XCBuildConfiguration section */

/* Begin XCConfigurationList section */
		805588B718428E8100A9752B /* Build configuration list for PBXProject "Sprite Tour" */ = {
			isa = XCConfigurationList;
			buildConfigurations = (
				805588F618428E8100A9752B /* Debug */,
				805588F718428E8100A9752B /* Release */,
			);
			defaultConfigurationIsVisible = 0;
			defaultConfigurationName = Release;
		};
		805588F818428E8100A9752B /* Build configuration list for PBXNativeTarget "Sprite Tour" */ = {
			isa = XCConfigurationList;
			buildConfigurations = (
				805588F918428E8100A9752B /* Debug */,
				805588FA18428E8100A9752B /* Release */,
			);
			defaultConfigurationIsVisible = 0;
			defaultConfigurationName = Release;
		};
		805588FB18428E8100A9752B /* Build configuration list for PBXNativeTarget "Sprite TourTests" */ = {
			isa = XCConfigurationList;
			buildConfigurations = (
				805588FC18428E8100A9752B /* Debug */,
				805588FD18428E8100A9752B /* Release */,
			);
			defaultConfigurationIsVisible = 0;
			defaultConfigurationName = Release;
		};
/* End XCConfigurationList section */
	};
	rootObject = 805588B418428E8100A9752B /* Project object */;
}
